{
  "last_validated_at": "2024-03-01T12:00:00Z",
  "source_url": "https://india.diplo.de/in-en/service/-/2552164",
  "items": [
    {
      "id": "passport_valid",
      "title": "Valid Passport",
      "description": "Your passport must be valid for at least 1 year and have at least two blank pages.",
      "category": "identity",
      "mandatory": true,
      "applies_to": ["india", "germany"],
      "last_validated_at": "2024-03-01T12:00:00Z",
      "source_url": "https://india.diplo.de/in-en/service/-/2552164"
    },
    {
      "id": "admission_letter",
      "title": "Admission Letter",
      "description": "Official letter of admission from a German university.",
      "category": "academic",
      "mandatory": true,
      "applies_to": ["india", "germany"],
      "last_validated_at": "2024-03-01T12:00:00Z",
      "source_url": "https://india.diplo.de/in-en/service/-/2552164"
    },
    {
      "id": "blocked_account_proof",
      "title": "Proof of Blocked Account",
      "description": "Confirmation of opening a blocked account with the minimum required balance.",
      "category": "financial",
      "mandatory": true,
      "applies_to": ["india", "germany"],
      "last_validated_at": "2024-03-01T12:00:00Z",
      "source_url": "https://www.auswaertiges-amt.de/en/sperrkonto/388600"
    },
    {
      "id": "travel_health_insurance",
      "title": "Travel Health Insurance",
      "description": "Travel insurance covering the period until you can get German public/private student insurance.",
      "category": "insurance",
      "mandatory": true,
      "applies_to": ["india"],
      "last_validated_at": "2024-03-01T12:00:00Z",
      "source_url": "https://india.diplo.de/in-en/service/-/2552164"
    },
    {
      "id": "biometric_photos",
      "title": "Biometric Passport Photos",
      "description": "Recent passport photos meeting the biometric specifications.",
      "category": "identity",
      "mandatory": true,
      "applies_to": ["india", "germany"],
      "last_validated_at": "2024-03-01T12:00:00Z",
      "source_url": "https://india.diplo.de/in-en/service/-/2552164"
    },
    {
      "id": "motivation_letter",
      "title": "Letter of Motivation",
      "description": "Explaining why you want to study this course in Germany.",
      "category": "academic",
      "mandatory": false,
      "applies_to": ["india"],
      "last_validated_at": "2024-03-01T12:00:00Z",
      "source_url": "https://india.diplo.de/in-en/service/-/2552164"
    }
  ]
}
